
Microsoft Visual Studio Solution File, Format Version 12.00
# Visual Studio Version 17
VisualStudioVersion = 17.8.34408.163
MinimumVisualStudioVersion = 10.0.40219.1
Project("{888888A0-9F3D-457C-B088-3A5042F75D52}") = "wafilter", "wafilter\wafilter.pyproj", "{26A93D2A-1179-4387-BEBE-CF0AAA611112}"
EndProject
Global
	GlobalSection(SolutionConfigurationPlatforms) = preSolution
		Debug|Any CPU = Debug|Any CPU
		Release|Any CPU = Release|Any CPU
	EndGlobalSection
	GlobalSection(ProjectConfigurationPlatforms) = postSolution
		{26A93D2A-1179-4387-BEBE-CF0AAA611112}.Debug|Any CPU.ActiveCfg = Debug|Any CPU
		{26A93D2A-1179-4387-BEBE-CF0AAA611112}.Release|Any CPU.ActiveCfg = Release|Any CPU
	EndGlobalSection
	GlobalSection(SolutionProperties) = preSolution
		HideSolutionNode = FALSE
	EndGlobalSection
	GlobalSection(ExtensibilityGlobals) = postSolution
		SolutionGuid = {A6DB94EB-0C00-4F57-A1AA-578335235BC3}
	EndGlobalSection
EndGlobal
